<?xml version="1.0" encoding="utf-8"?>
<Project ToolsVersion="4.0" xmlns="http://schemas.microsoft.com/developer/msbuild/2003">
  <ItemGroup>
    <Filter Include="Source Files">
      <UniqueIdentifier>{4FC737F1-C7A5-4376-A066-2A32D752A2FF}</UniqueIdentifier>
      <Extensions>cpp;c;cc;cxx;def;odl;idl;hpj;bat;asm;asmx</Extensions>
    </Filter>
    <Filter Include="Header Files">
      <UniqueIdentifier>{93995380-89BD-4b04-88EB-625FBE52EBFB}</UniqueIdentifier>
      <Extensions>h;hh;hpp;hxx;hm;inl;inc;xsd</Extensions>
    </Filter>
    <Filter Include="Demo Files">
      <UniqueIdentifier>{34b4a4c9-782e-4ce9-bfa3-88e3da53d66a}</UniqueIdentifier>
    </Filter>
    <Filter Include="Shader Files">
      <UniqueIdentifier>{67DA6AB6-F800-4c08-8B7A-83BB121AAD01}</UniqueIdentifier>
      <Extensions>rc;ico;cur;bmp;dlg;rc2;rct;bin;rgs;gif;jpg;jpeg;jpe;resx;tiff;tif;png;wav;mfcribbon-ms</Extensions>
    </Filter>
  </ItemGroup>
  <ItemGroup>
    <None Include="sprite.frag">
      <Filter>Shader Files</Filter>
    </None>
    <None Include="sprite.vert">
      <Filter>Shader Files</Filter>
    </None>
    <None Include="text.frag">
      <Filter>Shader Files</Filter>
    </None>
    <None Include="text.vert">
      <Filter>Shader Files</Filter>
    </None>
  </ItemGroup>
  <ItemGroup>
    <ClInclude Include="Shader.h">
      <Filter>Header Files</Filter>
    </ClInclude>
    <ClInclude Include="Game.h">
      <Filter>Header Files</Filter>
    </ClInclude>
    <ClInclude Include="Input.h">
      <Filter>Header Files</Filter>
    </ClInclude>
    <ClInclude Include="Setting.h">
      <Filter>Header Files</Filter>
    </ClInclude>
    <ClInclude Include="Texture.h">
      <Filter>Header Files</Filter>
    </ClInclude>
    <ClInclude Include="Sprite.h">
      <Filter>Header Files</Filter>
    </ClInclude>
    <ClInclude Include="Quad.h">
      <Filter>Header Files</Filter>
    </ClInclude>
    <ClInclude Include="BoundingBox.h">
      <Filter>Header Files</Filter>
    </ClInclude>
    <ClInclude Include="Music.h">
      <Filter>Header Files</Filter>
    </ClInclude>
    <ClInclude Include="Sound.h">
      <Filter>Header Files</Filter>
    </ClInclude>
    <ClInclude Include="Text.h">
      <Filter>Header Files</Filter>
    </ClInclude>
    <ClInclude Include="SATCollision.h">
      <Filter>Header Files</Filter>
    </ClInclude>
    <ClInclude Include="Lesson01_BgColor.h">
      <Filter>Demo Files</Filter>
    </ClInclude>
    <ClInclude Include="Lesson02_Lerp.h">
      <Filter>Demo Files</Filter>
    </ClInclude>
    <ClInclude Include="Lesson03_Animation.h">
      <Filter>Demo Files</Filter>
    </ClInclude>
    <ClInclude Include="Lesson04_Movement.h">
      <Filter>Demo Files</Filter>
    </ClInclude>
    <ClInclude Include="Lesson05_Input.h">
      <Filter>Demo Files</Filter>
    </ClInclude>
    <ClInclude Include="Lesson06_ObjectPool.h">
      <Filter>Demo Files</Filter>
    </ClInclude>
    <ClInclude Include="Turtle.h">
      <Filter>Demo Files</Filter>
    </ClInclude>
    <ClInclude Include="Button.h">
      <Filter>Demo Files</Filter>
    </ClInclude>
    <ClInclude Include="LessonAI01_SteeringBehaviors.h">
      <Filter>Demo Files</Filter>
    </ClInclude>
    <ClInclude Include="Lesson08_Rotation.h">
      <Filter>Demo Files</Filter>
    </ClInclude>
    <ClInclude Include="Lesson09_Bullet.h">
      <Filter>Demo Files</Filter>
    </ClInclude>
    <ClInclude Include="BaseCharacter.h">
      <Filter>Demo Files</Filter>
    </ClInclude>
    <ClInclude Include="Enemy.h">
      <Filter>Demo Files</Filter>
    </ClInclude>
    <ClInclude Include="Hero.h">
      <Filter>Demo Files</Filter>
    </ClInclude>
    <ClInclude Include="LessonAI02_NPCWave.h">
      <Filter>Demo Files</Filter>
    </ClInclude>
    <ClInclude Include="MainMenuScreen.h">
      <Filter>Demo Files</Filter>
    </ClInclude>
    <ClInclude Include="InGameScreen.h">
      <Filter>Demo Files</Filter>
    </ClInclude>
    <ClInclude Include="Lesson07_GUI.h">
      <Filter>Demo Files</Filter>
    </ClInclude>
    <ClInclude Include="Screen.h">
      <Filter>Header Files</Filter>
    </ClInclude>
    <ClInclude Include="ScreenManager.h">
      <Filter>Header Files</Filter>
    </ClInclude>
    <ClInclude Include="Lesson10_Platform.h">
      <Filter>Demo Files</Filter>
    </ClInclude>
    <ClInclude Include="Bullet.h">
      <Filter>Header Files</Filter>
    </ClInclude>
    <ClInclude Include="Lesson11_ParallaxScrolling.h">
      <Filter>Demo Files</Filter>
    </ClInclude>
  </ItemGroup>
  <ItemGroup>
    <ClCompile Include="Shader.cpp">
      <Filter>Source Files</Filter>
    </ClCompile>
    <ClCompile Include="Game.cpp">
      <Filter>Source Files</Filter>
    </ClCompile>
    <ClCompile Include="Input.cpp">
      <Filter>Source Files</Filter>
    </ClCompile>
    <ClCompile Include="Setting.cpp">
      <Filter>Source Files</Filter>
    </ClCompile>
    <ClCompile Include="Texture.cpp">
      <Filter>Source Files</Filter>
    </ClCompile>
    <ClCompile Include="Sprite.cpp">
      <Filter>Source Files</Filter>
    </ClCompile>
    <ClCompile Include="BoundingBox.cpp">
      <Filter>Source Files</Filter>
    </ClCompile>
    <ClCompile Include="Music.cpp">
      <Filter>Source Files</Filter>
    </ClCompile>
    <ClCompile Include="Sound.cpp">
      <Filter>Source Files</Filter>
    </ClCompile>
    <ClCompile Include="Text.cpp">
      <Filter>Source Files</Filter>
    </ClCompile>
    <ClCompile Include="SATCollision.cpp">
      <Filter>Source Files</Filter>
    </ClCompile>
    <ClCompile Include="Lesson01_BgColor.cpp">
      <Filter>Demo Files</Filter>
    </ClCompile>
    <ClCompile Include="Lesson02_Lerp.cpp">
      <Filter>Demo Files</Filter>
    </ClCompile>
    <ClCompile Include="Lesson03_Animation.cpp">
      <Filter>Demo Files</Filter>
    </ClCompile>
    <ClCompile Include="Lesson04_Movement.cpp">
      <Filter>Demo Files</Filter>
    </ClCompile>
    <ClCompile Include="Lesson05_Input.cpp">
      <Filter>Demo Files</Filter>
    </ClCompile>
    <ClCompile Include="Lesson06_ObjectPool.cpp">
      <Filter>Demo Files</Filter>
    </ClCompile>
    <ClCompile Include="Turtle.cpp">
      <Filter>Demo Files</Filter>
    </ClCompile>
    <ClCompile Include="Button.cpp">
      <Filter>Demo Files</Filter>
    </ClCompile>
    <ClCompile Include="LessonAI01_SteeringBehaviors.cpp">
      <Filter>Demo Files</Filter>
    </ClCompile>
    <ClCompile Include="Lesson08_Rotation.cpp">
      <Filter>Demo Files</Filter>
    </ClCompile>
    <ClCompile Include="Lesson09_Bullet.cpp">
      <Filter>Demo Files</Filter>
    </ClCompile>
    <ClCompile Include="BaseCharacter.cpp">
      <Filter>Demo Files</Filter>
    </ClCompile>
    <ClCompile Include="Enemy.cpp">
      <Filter>Demo Files</Filter>
    </ClCompile>
    <ClCompile Include="Hero.cpp">
      <Filter>Demo Files</Filter>
    </ClCompile>
    <ClCompile Include="LessonAI02_NPCWave.cpp">
      <Filter>Demo Files</Filter>
    </ClCompile>
    <ClCompile Include="MainMenuScreen.cpp">
      <Filter>Demo Files</Filter>
    </ClCompile>
    <ClCompile Include="InGameScreen.cpp">
      <Filter>Demo Files</Filter>
    </ClCompile>
    <ClCompile Include="Lesson07_GUI.cpp">
      <Filter>Demo Files</Filter>
    </ClCompile>
    <ClCompile Include="Screen.cpp">
      <Filter>Source Files</Filter>
    </ClCompile>
    <ClCompile Include="ScreenManager.cpp">
      <Filter>Source Files</Filter>
    </ClCompile>
    <ClCompile Include="Quad.cpp">
      <Filter>Source Files</Filter>
    </ClCompile>
    <ClCompile Include="Launcher.cpp">
      <Filter>Demo Files</Filter>
    </ClCompile>
    <ClCompile Include="Lesson10_Platform.cpp">
      <Filter>Demo Files</Filter>
    </ClCompile>
    <ClCompile Include="Bullet.cpp">
      <Filter>Source Files</Filter>
    </ClCompile>
    <ClCompile Include="Lesson11_ParallaxScrolling.cpp">
      <Filter>Demo Files</Filter>
    </ClCompile>
  </ItemGroup>
</Project>